
Microsoft Visual Studio Solution File, Format Version 12.00
# Visual Studio Version 16
VisualStudioVersion = 16.0.29613.14
MinimumVisualStudioVersion = 10.0.40219.1
Project("{FAE04EC0-301F-11D3-BF4B-00C04F79EFBC}") = "SharPermission", "SharPermission\SharPermission.csproj", "{84D2B661-3267-49C8-9F51-8F72F21AEA47}"
EndProject
Global
	GlobalSection(SolutionConfigurationPlatforms) = preSolution
		Debug|Any CPU = Debug|Any CPU
		Release|Any CPU = Release|Any CPU
	EndGlobalSection
	GlobalSection(ProjectConfigurationPlatforms) = postSolution
		{84D2B661-3267-49C8-9F51-8F72F21AEA47}.Debug|Any CPU.ActiveCfg = Debug|Any CPU
		{84D2B661-3267-49C8-9F51-8F72F21AEA47}.Debug|Any CPU.Build.0 = Debug|Any CPU
		{84D2B661-3267-49C8-9F51-8F72F21AEA47}.Release|Any CPU.ActiveCfg = Release|Any CPU
		{84D2B661-3267-49C8-9F51-8F72F21AEA47}.Release|Any CPU.Build.0 = Release|Any CPU
	EndGlobalSection
	GlobalSection(SolutionProperties) = preSolution
		HideSolutionNode = FALSE
	EndGlobalSection
	GlobalSection(ExtensibilityGlobals) = postSolution
		SolutionGuid = {75365E34-C6F1-4916-84C6-4B833FB4C0A5}
	EndGlobalSection
EndGlobal
